
Microsoft Visual Studio Solution File, Format Version 12.00
# Visual Studio Version 17
VisualStudioVersion = 17.8.34511.84
MinimumVisualStudioVersion = 10.0.40219.1
Project("{FAE04EC0-301F-11D3-BF4B-00C04F79EFBC}") = "GorillaPartyTwirl", "GorillaPartyTwirl\GorillaPartyTwirl.csproj", "{8D26B31E-4299-4942-9976-504C2DDEB6BD}"
EndProject
Global
	GlobalSection(SolutionConfigurationPlatforms) = preSolution
		Debug|Any CPU = Debug|Any CPU
		Release|Any CPU = Release|Any CPU
	EndGlobalSection
	GlobalSection(ProjectConfigurationPlatforms) = postSolution
		{8D26B31E-4299-4942-9976-504C2DDEB6BD}.Debug|Any CPU.ActiveCfg = Debug|Any CPU
		{8D26B31E-4299-4942-9976-504C2DDEB6BD}.Debug|Any CPU.Build.0 = Debug|Any CPU
		{8D26B31E-4299-4942-9976-504C2DDEB6BD}.Release|Any CPU.ActiveCfg = Release|Any CPU
		{8D26B31E-4299-4942-9976-504C2DDEB6BD}.Release|Any CPU.Build.0 = Release|Any CPU
	EndGlobalSection
	GlobalSection(SolutionProperties) = preSolution
		HideSolutionNode = FALSE
	EndGlobalSection
	GlobalSection(ExtensibilityGlobals) = postSolution
		SolutionGuid = {D86506AF-2DA8-4CCF-A930-B44E583DBF17}
	EndGlobalSection
EndGlobal
